
Microsoft Visual Studio Solution File, Format Version 12.00
# Visual Studio Version 16
VisualStudioVersion = 16.0.30523.141
MinimumVisualStudioVersion = 10.0.40219.1
Project("{FAE04EC0-301F-11D3-BF4B-00C04F79EFBC}") = "PassFail", "PassFail\PassFail.csproj", "{035E9CD3-ED84-457D-83FB-A26D59351FD6}"
EndProject
Global
	GlobalSection(SolutionConfigurationPlatforms) = preSolution
		Debug|Any CPU = Debug|Any CPU
		Release|Any CPU = Release|Any CPU
	EndGlobalSection
	GlobalSection(ProjectConfigurationPlatforms) = postSolution
		{035E9CD3-ED84-457D-83FB-A26D59351FD6}.Debug|Any CPU.ActiveCfg = Debug|Any CPU
		{035E9CD3-ED84-457D-83FB-A26D59351FD6}.Debug|Any CPU.Build.0 = Debug|Any CPU
		{035E9CD3-ED84-457D-83FB-A26D59351FD6}.Release|Any CPU.ActiveCfg = Release|Any CPU
		{035E9CD3-ED84-457D-83FB-A26D59351FD6}.Release|Any CPU.Build.0 = Release|Any CPU
	EndGlobalSection
	GlobalSection(SolutionProperties) = preSolution
		HideSolutionNode = FALSE
	EndGlobalSection
	GlobalSection(ExtensibilityGlobals) = postSolution
		SolutionGuid = {DC2F547E-3A47-429B-BA8A-0D6DDE48E5DC}
	EndGlobalSection
EndGlobal
